{
    "_meta": {
        "hash": {
            "sha256": "6d0287dac5bf86dab94afcd644d7b8aad18cc8ddfe2d7ef69f7a64a547ca3f05"
        },
        "pipfile-spec": 6,
        "requires": {
            "python_version": "3.7"
        },
        "sources": [
            {
                "name": "pypi",
                "url": "https://pypi.org/simple",
                "verify_ssl": true
            }
        ]
    },
    "default": {},
    "develop": {
        "cogapp": {
            "hashes": [
                "sha256:5e5da2bcfc4e4750c66cecb80ea4eaed1ef4fddd3787c989d4f5bfffb1152d6a",
                "sha256:61e9a66bbf1e6755df47330a441479c5be363bab30ca58c5598d9b641cdc9115"
            ],
            "index": "pypi",
            "version": "==3.0.0"
        },
        "enumecg": {
            "git": "https://github.com/jasujm/enhanced-enum.git",
            "ref": "9cdbfe97be0713319a33891da02d6ed2d7029692",
            "subdirectory": "python"
        },
        "pyzmq": {
            "hashes": [
                "sha256:0bbc1728fe4314b4ca46249c33873a390559edac7c217ec7001b5e0c34a8fb7f",
                "sha256:1e076ad5bd3638a18c376544d32e0af986ca10d43d4ce5a5d889a8649f0d0a3d",
                "sha256:242d949eb6b10197cda1d1cec377deab1d5324983d77e0d0bf9dc5eb6d71a6b4",
                "sha256:26f4ae420977d2a8792d7c2d7bda43128b037b5eeb21c81951a94054ad8b8843",
                "sha256:32234c21c5e0a767c754181c8112092b3ddd2e2a36c3f76fc231ced817aeee47",
                "sha256:3f12ce1e9cc9c31497bd82b207e8e86ccda9eebd8c9f95053aae46d15ccd2196",
                "sha256:4557d5e036e6d85715b4b9fdb482081398da1d43dc580d03db642b91605b409f",
                "sha256:4f562dab21c03c7aa061f63b147a595dbe1006bf4f03213272fc9f7d5baec791",
                "sha256:5e071b834051e9ecb224915398f474bfad802c2fff883f118ff5363ca4ae3edf",
                "sha256:5e1f65e576ab07aed83f444e201d86deb01cd27dcf3f37c727bc8729246a60a8",
                "sha256:5f10a31f288bf055be76c57710807a8f0efdb2b82be6c2a2b8f9a61f33a40cea",
                "sha256:6aaaf90b420dc40d9a0e1996b82c6a0ff91d9680bebe2135e67c9e6d197c0a53",
                "sha256:75238d3c16cab96947705d5709187a49ebb844f54354cdf0814d195dd4c045de",
                "sha256:7f7e7b24b1d392bb5947ba91c981e7d1a43293113642e0d8870706c8e70cdc71",
                "sha256:84b91153102c4bcf5d0f57d1a66a0f03c31e9e6525a5f656f52fc615a675c748",
                "sha256:944f6bb5c63140d76494467444fd92bebd8674236837480a3c75b01fe17df1ab",
                "sha256:a1f957c20c9f51d43903881399b078cddcf710d34a2950e88bce4e494dcaa4d1",
                "sha256:a49fd42a29c1cc1aa9f461c5f2f5e0303adba7c945138b35ee7f4ab675b9f754",
                "sha256:a99ae601b4f6917985e9bb071549e30b6f93c72f5060853e197bdc4b7d357e5f",
                "sha256:ad48865a29efa8a0cecf266432ea7bc34e319954e55cf104be0319c177e6c8f5",
                "sha256:b08e425cf93b4e018ab21dc8fdbc25d7d0502a23cc4fea2380010cf8cf11e462",
                "sha256:bb10361293d96aa92be6261fa4d15476bca56203b3a11c62c61bd14df0ef89ba",
                "sha256:bd1a769d65257a7a12e2613070ca8155ee348aa9183f2aadf1c8b8552a5510f5",
                "sha256:cb3b7156ef6b1a119e68fbe3a54e0a0c40ecacc6b7838d57dd708c90b62a06dc",
                "sha256:e8e4efb52ec2df8d046395ca4c84ae0056cf507b2f713ec803c65a8102d010de",
                "sha256:f37c29da2a5b0c5e31e6f8aab885625ea76c807082f70b2d334d3fd573c3100a",
                "sha256:f4d558bc5668d2345773a9ff8c39e2462dafcb1f6772a2e582fbced389ce527f",
                "sha256:f5b6d015587a1d6f582ba03b226a9ddb1dfb09878b3be04ef48b01b7d4eb6b2a"
            ],
            "index": "pypi",
            "version": "==19.0.0"
        }
    }
}
